
Microsoft Visual Studio Solution File, Format Version 12.00
# Visual Studio Version 16
VisualStudioVersion = 16.0.31129.286
MinimumVisualStudioVersion = 10.0.40219.1
Project("{FAE04EC0-301F-11D3-BF4B-00C04F79EFBC}") = "ConsoleApp2", "ConsoleApp2\ConsoleApp2.csproj", "{B5CB1855-4D6A-4416-882E-A9765170C3E7}"
EndProject
Global
	GlobalSection(SolutionConfigurationPlatforms) = preSolution
		Debug|Any CPU = Debug|Any CPU
		Release|Any CPU = Release|Any CPU
	EndGlobalSection
	GlobalSection(ProjectConfigurationPlatforms) = postSolution
		{B5CB1855-4D6A-4416-882E-A9765170C3E7}.Debug|Any CPU.ActiveCfg = Debug|Any CPU
		{B5CB1855-4D6A-4416-882E-A9765170C3E7}.Debug|Any CPU.Build.0 = Debug|Any CPU
		{B5CB1855-4D6A-4416-882E-A9765170C3E7}.Release|Any CPU.ActiveCfg = Release|Any CPU
		{B5CB1855-4D6A-4416-882E-A9765170C3E7}.Release|Any CPU.Build.0 = Release|Any CPU
	EndGlobalSection
	GlobalSection(SolutionProperties) = preSolution
		HideSolutionNode = FALSE
	EndGlobalSection
	GlobalSection(ExtensibilityGlobals) = postSolution
		SolutionGuid = {0A08E0E0-1772-4068-BB20-13BF921024D5}
	EndGlobalSection
EndGlobal
